
Microsoft Visual Studio Solution File, Format Version 12.00
# Visual Studio Version 16
VisualStudioVersion = 16.0.29503.13
MinimumVisualStudioVersion = 10.0.40219.1
Project("{FAE04EC0-301F-11D3-BF4B-00C04F79EFBC}") = "BlazorGrpcCodeFirst.Server", "BlazorGrpcCodeFirst\Server\BlazorGrpcCodeFirst.Server.csproj", "{831C149D-961D-4F26-BD06-221DB9347FB9}"
EndProject
Project("{FAE04EC0-301F-11D3-BF4B-00C04F79EFBC}") = "BlazorGrpcCodeFirst.Client", "BlazorGrpcCodeFirst\Client\BlazorGrpcCodeFirst.Client.csproj", "{269482B2-5474-45A1-85F1-A91428E2679F}"
EndProject
Project("{FAE04EC0-301F-11D3-BF4B-00C04F79EFBC}") = "BlazorGrpcCodeFirst.Shared", "BlazorGrpcCodeFirst\Shared\BlazorGrpcCodeFirst.Shared.csproj", "{0532FB90-39C9-4C0D-96E9-DADE1EA870D3}"
EndProject
Global
	GlobalSection(SolutionConfigurationPlatforms) = preSolution
		Debug|Any CPU = Debug|Any CPU
		Release|Any CPU = Release|Any CPU
	EndGlobalSection
	GlobalSection(ProjectConfigurationPlatforms) = postSolution
		{831C149D-961D-4F26-BD06-221DB9347FB9}.Debug|Any CPU.ActiveCfg = Debug|Any CPU
		{831C149D-961D-4F26-BD06-221DB9347FB9}.Debug|Any CPU.Build.0 = Debug|Any CPU
		{831C149D-961D-4F26-BD06-221DB9347FB9}.Release|Any CPU.ActiveCfg = Release|Any CPU
		{831C149D-961D-4F26-BD06-221DB9347FB9}.Release|Any CPU.Build.0 = Release|Any CPU
		{269482B2-5474-45A1-85F1-A91428E2679F}.Debug|Any CPU.ActiveCfg = Debug|Any CPU
		{269482B2-5474-45A1-85F1-A91428E2679F}.Debug|Any CPU.Build.0 = Debug|Any CPU
		{269482B2-5474-45A1-85F1-A91428E2679F}.Release|Any CPU.ActiveCfg = Release|Any CPU
		{269482B2-5474-45A1-85F1-A91428E2679F}.Release|Any CPU.Build.0 = Release|Any CPU
		{0532FB90-39C9-4C0D-96E9-DADE1EA870D3}.Debug|Any CPU.ActiveCfg = Debug|Any CPU
		{0532FB90-39C9-4C0D-96E9-DADE1EA870D3}.Debug|Any CPU.Build.0 = Debug|Any CPU
		{0532FB90-39C9-4C0D-96E9-DADE1EA870D3}.Release|Any CPU.ActiveCfg = Release|Any CPU
		{0532FB90-39C9-4C0D-96E9-DADE1EA870D3}.Release|Any CPU.Build.0 = Release|Any CPU
	EndGlobalSection
	GlobalSection(SolutionProperties) = preSolution
		HideSolutionNode = FALSE
	EndGlobalSection
	GlobalSection(ExtensibilityGlobals) = postSolution
		SolutionGuid = {0F640994-D122-49AB-AC19-C17B1B66BCF2}
	EndGlobalSection
EndGlobal
