
Microsoft Visual Studio Solution File, Format Version 12.00
# Visual Studio Version 16
VisualStudioVersion = 16.0.29521.150
MinimumVisualStudioVersion = 10.0.40219.1
Project("{9A19103F-16F7-4668-BE54-9A1E7A4F7556}") = "BlazorWasmOnDocker.Server", "BlazorWasmOnDocker\Server\BlazorWasmOnDocker.Server.csproj", "{F55E4108-9872-461B-A8BB-36200BC071F1}"
EndProject
Project("{9A19103F-16F7-4668-BE54-9A1E7A4F7556}") = "BlazorWasmOnDocker.Client", "BlazorWasmOnDocker\Client\BlazorWasmOnDocker.Client.csproj", "{8B39C392-B3BC-4E48-8FE2-52B2ACE7E553}"
EndProject
Project("{9A19103F-16F7-4668-BE54-9A1E7A4F7556}") = "BlazorWasmOnDocker.Shared", "BlazorWasmOnDocker\Shared\BlazorWasmOnDocker.Shared.csproj", "{650FC729-193F-4946-BE82-A3492E1DE681}"
EndProject
Project("{E53339B2-1760-4266-BCC7-CA923CBCF16C}") = "docker-compose", "docker-compose.dcproj", "{A76CB58D-6782-4E5D-8F27-0DD5B5E05450}"
EndProject
Global
	GlobalSection(SolutionConfigurationPlatforms) = preSolution
		Debug|Any CPU = Debug|Any CPU
		Release|Any CPU = Release|Any CPU
	EndGlobalSection
	GlobalSection(ProjectConfigurationPlatforms) = postSolution
		{F55E4108-9872-461B-A8BB-36200BC071F1}.Debug|Any CPU.ActiveCfg = Debug|Any CPU
		{F55E4108-9872-461B-A8BB-36200BC071F1}.Debug|Any CPU.Build.0 = Debug|Any CPU
		{F55E4108-9872-461B-A8BB-36200BC071F1}.Release|Any CPU.ActiveCfg = Release|Any CPU
		{F55E4108-9872-461B-A8BB-36200BC071F1}.Release|Any CPU.Build.0 = Release|Any CPU
		{8B39C392-B3BC-4E48-8FE2-52B2ACE7E553}.Debug|Any CPU.ActiveCfg = Debug|Any CPU
		{8B39C392-B3BC-4E48-8FE2-52B2ACE7E553}.Debug|Any CPU.Build.0 = Debug|Any CPU
		{8B39C392-B3BC-4E48-8FE2-52B2ACE7E553}.Release|Any CPU.ActiveCfg = Release|Any CPU
		{8B39C392-B3BC-4E48-8FE2-52B2ACE7E553}.Release|Any CPU.Build.0 = Release|Any CPU
		{650FC729-193F-4946-BE82-A3492E1DE681}.Debug|Any CPU.ActiveCfg = Debug|Any CPU
		{650FC729-193F-4946-BE82-A3492E1DE681}.Debug|Any CPU.Build.0 = Debug|Any CPU
		{650FC729-193F-4946-BE82-A3492E1DE681}.Release|Any CPU.ActiveCfg = Release|Any CPU
		{650FC729-193F-4946-BE82-A3492E1DE681}.Release|Any CPU.Build.0 = Release|Any CPU
		{A76CB58D-6782-4E5D-8F27-0DD5B5E05450}.Debug|Any CPU.ActiveCfg = Debug|Any CPU
		{A76CB58D-6782-4E5D-8F27-0DD5B5E05450}.Debug|Any CPU.Build.0 = Debug|Any CPU
		{A76CB58D-6782-4E5D-8F27-0DD5B5E05450}.Release|Any CPU.ActiveCfg = Release|Any CPU
		{A76CB58D-6782-4E5D-8F27-0DD5B5E05450}.Release|Any CPU.Build.0 = Release|Any CPU
	EndGlobalSection
	GlobalSection(SolutionProperties) = preSolution
		HideSolutionNode = FALSE
	EndGlobalSection
	GlobalSection(ExtensibilityGlobals) = postSolution
		SolutionGuid = {0E393C72-99E6-44A0-88BE-A2C9899216C1}
	EndGlobalSection
EndGlobal
