
Microsoft Visual Studio Solution File, Format Version 12.00
# Visual Studio Version 16
VisualStudioVersion = 16.0.29123.89
MinimumVisualStudioVersion = 10.0.40219.1
Project("{FAE04EC0-301F-11D3-BF4B-00C04F79EFBC}") = "Rest", "Rest\Rest.csproj", "{12F141E9-7419-41B2-8051-5785ADA17F84}"
EndProject
Global
	GlobalSection(SolutionConfigurationPlatforms) = preSolution
		Debug|Any CPU = Debug|Any CPU
		Release|Any CPU = Release|Any CPU
	EndGlobalSection
	GlobalSection(ProjectConfigurationPlatforms) = postSolution
		{12F141E9-7419-41B2-8051-5785ADA17F84}.Debug|Any CPU.ActiveCfg = Debug|Any CPU
		{12F141E9-7419-41B2-8051-5785ADA17F84}.Debug|Any CPU.Build.0 = Debug|Any CPU
		{12F141E9-7419-41B2-8051-5785ADA17F84}.Release|Any CPU.ActiveCfg = Release|Any CPU
		{12F141E9-7419-41B2-8051-5785ADA17F84}.Release|Any CPU.Build.0 = Release|Any CPU
	EndGlobalSection
	GlobalSection(SolutionProperties) = preSolution
		HideSolutionNode = FALSE
	EndGlobalSection
	GlobalSection(ExtensibilityGlobals) = postSolution
		SolutionGuid = {1C78A87B-40EE-4CE7-8D56-1302D4B4031B}
	EndGlobalSection
EndGlobal
